
Microsoft Visual Studio Solution File, Format Version 12.00
# Visual Studio Version 17
VisualStudioVersion = 17.6.33801.468
MinimumVisualStudioVersion = 10.0.40219.1
Project("{FAE04EC0-301F-11D3-BF4B-00C04F79EFBC}") = "OMNet", "OMNet\OMNet.csproj", "{7342E9B3-52F7-4727-8149-51FEEFCA0692}"
EndProject
Project("{FAE04EC0-301F-11D3-BF4B-00C04F79EFBC}") = "Model", "Model\Model.csproj", "{C8CB6565-CCF6-4479-8925-95366C5B26A9}"
EndProject
Project("{FAE04EC0-301F-11D3-BF4B-00C04F79EFBC}") = "ObjectInsertion", "ObjectInsertion\ObjectInsertion.csproj", "{623DE5B0-B5B8-4A23-9823-E044232B8479}"
EndProject
Global
	GlobalSection(SolutionConfigurationPlatforms) = preSolution
		Debug|Any CPU = Debug|Any CPU
		Release|Any CPU = Release|Any CPU
	EndGlobalSection
	GlobalSection(ProjectConfigurationPlatforms) = postSolution
		{7342E9B3-52F7-4727-8149-51FEEFCA0692}.Debug|Any CPU.ActiveCfg = Debug|Any CPU
		{7342E9B3-52F7-4727-8149-51FEEFCA0692}.Debug|Any CPU.Build.0 = Debug|Any CPU
		{7342E9B3-52F7-4727-8149-51FEEFCA0692}.Release|Any CPU.ActiveCfg = Release|Any CPU
		{7342E9B3-52F7-4727-8149-51FEEFCA0692}.Release|Any CPU.Build.0 = Release|Any CPU
		{C8CB6565-CCF6-4479-8925-95366C5B26A9}.Debug|Any CPU.ActiveCfg = Debug|Any CPU
		{C8CB6565-CCF6-4479-8925-95366C5B26A9}.Debug|Any CPU.Build.0 = Debug|Any CPU
		{C8CB6565-CCF6-4479-8925-95366C5B26A9}.Release|Any CPU.ActiveCfg = Release|Any CPU
		{C8CB6565-CCF6-4479-8925-95366C5B26A9}.Release|Any CPU.Build.0 = Release|Any CPU
		{623DE5B0-B5B8-4A23-9823-E044232B8479}.Debug|Any CPU.ActiveCfg = Debug|Any CPU
		{623DE5B0-B5B8-4A23-9823-E044232B8479}.Debug|Any CPU.Build.0 = Debug|Any CPU
		{623DE5B0-B5B8-4A23-9823-E044232B8479}.Release|Any CPU.ActiveCfg = Release|Any CPU
		{623DE5B0-B5B8-4A23-9823-E044232B8479}.Release|Any CPU.Build.0 = Release|Any CPU
	EndGlobalSection
	GlobalSection(SolutionProperties) = preSolution
		HideSolutionNode = FALSE
	EndGlobalSection
	GlobalSection(ExtensibilityGlobals) = postSolution
		SolutionGuid = {8F190979-8629-4BBC-9CD8-4A7BEC431E4E}
	EndGlobalSection
EndGlobal
