
Microsoft Visual Studio Solution File, Format Version 12.00
# Visual Studio Version 17
VisualStudioVersion = 17.6.33801.468
MinimumVisualStudioVersion = 10.0.40219.1
Project("{FAE04EC0-301F-11D3-BF4B-00C04F79EFBC}") = "DataStructures", "DataStructures\DataStructures.csproj", "{0F02082D-12CA-4C2A-BF25-8D5F9464B340}"
EndProject
Project("{FAE04EC0-301F-11D3-BF4B-00C04F79EFBC}") = "Lists", "Lists\Lists.csproj", "{DAB37FA6-0BAD-4C23-B87A-EF4261D39514}"
EndProject
Project("{FAE04EC0-301F-11D3-BF4B-00C04F79EFBC}") = "Sets", "Sets\Sets.csproj", "{BFBFEC52-8243-4687-8FDE-3474A0D40676}"
EndProject
Project("{FAE04EC0-301F-11D3-BF4B-00C04F79EFBC}") = "SortedSets", "SortedSets\SortedSets.csproj", "{D7EBE3FF-FA93-4160-90E9-6E3507DA1987}"
EndProject
Project("{FAE04EC0-301F-11D3-BF4B-00C04F79EFBC}") = "Hashes", "Hashes\Hashes.csproj", "{5A49E146-7234-47E8-864C-9F4F1617A2DA}"
EndProject
Project("{FAE04EC0-301F-11D3-BF4B-00C04F79EFBC}") = "Streams", "Streams\Streams.csproj", "{9E1AB93F-A713-49BE-8CC3-BE4810992CB8}"
EndProject
Global
	GlobalSection(SolutionConfigurationPlatforms) = preSolution
		Debug|Any CPU = Debug|Any CPU
		Release|Any CPU = Release|Any CPU
	EndGlobalSection
	GlobalSection(ProjectConfigurationPlatforms) = postSolution
		{0F02082D-12CA-4C2A-BF25-8D5F9464B340}.Debug|Any CPU.ActiveCfg = Debug|Any CPU
		{0F02082D-12CA-4C2A-BF25-8D5F9464B340}.Debug|Any CPU.Build.0 = Debug|Any CPU
		{0F02082D-12CA-4C2A-BF25-8D5F9464B340}.Release|Any CPU.ActiveCfg = Release|Any CPU
		{0F02082D-12CA-4C2A-BF25-8D5F9464B340}.Release|Any CPU.Build.0 = Release|Any CPU
		{DAB37FA6-0BAD-4C23-B87A-EF4261D39514}.Debug|Any CPU.ActiveCfg = Debug|Any CPU
		{DAB37FA6-0BAD-4C23-B87A-EF4261D39514}.Debug|Any CPU.Build.0 = Debug|Any CPU
		{DAB37FA6-0BAD-4C23-B87A-EF4261D39514}.Release|Any CPU.ActiveCfg = Release|Any CPU
		{DAB37FA6-0BAD-4C23-B87A-EF4261D39514}.Release|Any CPU.Build.0 = Release|Any CPU
		{BFBFEC52-8243-4687-8FDE-3474A0D40676}.Debug|Any CPU.ActiveCfg = Debug|Any CPU
		{BFBFEC52-8243-4687-8FDE-3474A0D40676}.Debug|Any CPU.Build.0 = Debug|Any CPU
		{BFBFEC52-8243-4687-8FDE-3474A0D40676}.Release|Any CPU.ActiveCfg = Release|Any CPU
		{BFBFEC52-8243-4687-8FDE-3474A0D40676}.Release|Any CPU.Build.0 = Release|Any CPU
		{D7EBE3FF-FA93-4160-90E9-6E3507DA1987}.Debug|Any CPU.ActiveCfg = Debug|Any CPU
		{D7EBE3FF-FA93-4160-90E9-6E3507DA1987}.Debug|Any CPU.Build.0 = Debug|Any CPU
		{D7EBE3FF-FA93-4160-90E9-6E3507DA1987}.Release|Any CPU.ActiveCfg = Release|Any CPU
		{D7EBE3FF-FA93-4160-90E9-6E3507DA1987}.Release|Any CPU.Build.0 = Release|Any CPU
		{5A49E146-7234-47E8-864C-9F4F1617A2DA}.Debug|Any CPU.ActiveCfg = Debug|Any CPU
		{5A49E146-7234-47E8-864C-9F4F1617A2DA}.Debug|Any CPU.Build.0 = Debug|Any CPU
		{5A49E146-7234-47E8-864C-9F4F1617A2DA}.Release|Any CPU.ActiveCfg = Release|Any CPU
		{5A49E146-7234-47E8-864C-9F4F1617A2DA}.Release|Any CPU.Build.0 = Release|Any CPU
		{9E1AB93F-A713-49BE-8CC3-BE4810992CB8}.Debug|Any CPU.ActiveCfg = Debug|Any CPU
		{9E1AB93F-A713-49BE-8CC3-BE4810992CB8}.Debug|Any CPU.Build.0 = Debug|Any CPU
		{9E1AB93F-A713-49BE-8CC3-BE4810992CB8}.Release|Any CPU.ActiveCfg = Release|Any CPU
		{9E1AB93F-A713-49BE-8CC3-BE4810992CB8}.Release|Any CPU.Build.0 = Release|Any CPU
	EndGlobalSection
	GlobalSection(SolutionProperties) = preSolution
		HideSolutionNode = FALSE
	EndGlobalSection
	GlobalSection(ExtensibilityGlobals) = postSolution
		SolutionGuid = {2F473BD2-9FE6-4F01-BB18-17765D50F7DA}
	EndGlobalSection
EndGlobal
