
Microsoft Visual Studio Solution File, Format Version 12.00
# Visual Studio Version 17
VisualStudioVersion = 17.6.33801.468
MinimumVisualStudioVersion = 10.0.40219.1
Project("{FAE04EC0-301F-11D3-BF4B-00C04F79EFBC}") = "pipelining", "pipelining\pipelining.csproj", "{835A48F3-5C53-4280-90AF-F87EB553396C}"
EndProject
Global
	GlobalSection(SolutionConfigurationPlatforms) = preSolution
		Debug|Any CPU = Debug|Any CPU
		Release|Any CPU = Release|Any CPU
	EndGlobalSection
	GlobalSection(ProjectConfigurationPlatforms) = postSolution
		{835A48F3-5C53-4280-90AF-F87EB553396C}.Debug|Any CPU.ActiveCfg = Debug|Any CPU
		{835A48F3-5C53-4280-90AF-F87EB553396C}.Debug|Any CPU.Build.0 = Debug|Any CPU
		{835A48F3-5C53-4280-90AF-F87EB553396C}.Release|Any CPU.ActiveCfg = Release|Any CPU
		{835A48F3-5C53-4280-90AF-F87EB553396C}.Release|Any CPU.Build.0 = Release|Any CPU
	EndGlobalSection
	GlobalSection(SolutionProperties) = preSolution
		HideSolutionNode = FALSE
	EndGlobalSection
	GlobalSection(ExtensibilityGlobals) = postSolution
		SolutionGuid = {723D2DE9-0FBD-40A8-A336-738E37DE8880}
	EndGlobalSection
EndGlobal
